// !$*UTF8*$!
{
	archiveVersion = 1;
	classes = {
	};
	objectVersion = 77;
	objects = {

/* Begin PBXContainerItemProxy section */
		AFBFAE162F1C8AC400C8DACC /* PBXContainerItemProxy */ = {
			isa = PBXContainerItemProxy;
			containerPortal = AFBFADFE2F1C8AC200C8DACC /* Project object */;
			proxyType = 1;
			remoteGlobalIDString = AFBFAE052F1C8AC200C8DACC;
			remoteInfo = "Loop Habit Tracker";
		};
		AFBFAE202F1C8AC400C8DACC /* PBXContainerItemProxy */ = {
			isa = PBXContainerItemProxy;
			containerPortal = AFBFADFE2F1C8AC200C8DACC /* Project object */;
			proxyType = 1;
			remoteGlobalIDString = AFBFAE052F1C8AC200C8DACC;
			remoteInfo = "Loop Habit Tracker";
		};
/* End PBXContainerItemProxy section */

/* Begin PBXFileReference section */
		AFBFAE062F1C8AC200C8DACC /* Loop Habit Tracker.app */ = {isa = PBXFileReference; explicitFileType = wrapper.application; includeInIndex = 0; path = "Loop Habit Tracker.app"; sourceTree = BUILT_PRODUCTS_DIR; };
		AFBFAE152F1C8AC400C8DACC /* Loop Habit TrackerTests.xctest */ = {isa = PBXFileReference; explicitFileType = wrapper.cfbundle; includeInIndex = 0; path = "Loop Habit TrackerTests.xctest"; sourceTree = BUILT_PRODUCTS_DIR; };
		AFBFAE1F2F1C8AC400C8DACC /* Loop Habit TrackerUITests.xctest */ = {isa = PBXFileReference; explicitFileType = wrapper.cfbundle; includeInIndex = 0; path = "Loop Habit TrackerUITests.xctest"; sourceTree = BUILT_PRODUCTS_DIR; };
/* End PBXFileReference section */

/* Begin PBXFileSystemSynchronizedRootGroup section */
		AFBFAE082F1C8AC200C8DACC /* Loop Habit Tracker */ = {
			isa = PBXFileSystemSynchronizedRootGroup;
			path = "Loop Habit Tracker";
			sourceTree = "<group>";
		};
		AFBFAE182F1C8AC400C8DACC /* Loop Habit TrackerTests */ = {
			isa = PBXFileSystemSynchronizedRootGroup;
			path = "Loop Habit TrackerTests";
			sourceTree = "<group>";
		};
		AFBFAE222F1C8AC400C8DACC /* Loop Habit TrackerUITests */ = {
			isa = PBXFileSystemSynchronizedRootGroup;
			path = "Loop Habit TrackerUITests";
			sourceTree = "<group>";
		};
/* End PBXFileSystemSynchronizedRootGroup section */

/* Begin PBXFrameworksBuildPhase section */
		AFBFAE032F1C8AC200C8DACC /* Frameworks */ = {
			isa = PBXFrameworksBuildPhase;
			buildActionMask = 2147483647;
			files = (
			);
			runOnlyForDeploymentPostprocessing = 0;
		};
		AFBFAE122F1C8AC400C8DACC /* Frameworks */ = {
			isa = PBXFrameworksBuildPhase;
			buildActionMask = 2147483647;
			files = (
			);
			runOnlyForDeploymentPostprocessing = 0;
		};
		AFBFAE1C2F1C8AC400C8DACC /* Frameworks */ = {
			isa = PBXFrameworksBuildPhase;
			buildActionMask = 2147483647;
			files = (
			);
			runOnlyForDeploymentPostprocessing = 0;
		};
/* End PBXFrameworksBuildPhase section */

/* Begin PBXGroup section */
		AFBFADFD2F1C8AC200C8DACC = {
			isa = PBXGroup;
			children = (
				AFBFAE082F1C8AC200C8DACC /* Loop Habit Tracker */,
				AFBFAE182F1C8AC400C8DACC /* Loop Habit TrackerTests */,
				AFBFAE222F1C8AC400C8DACC /* Loop Habit TrackerUITests */,
				AFBFAE072F1C8AC200C8DACC /* Products */,
			);
			sourceTree = "<group>";
		};
		AFBFAE072F1C8AC200C8DACC /* Products */ = {
			isa = PBXGroup;
			children = (
				AFBFAE062F1C8AC200C8DACC /* Loop Habit Tracker.app */,
				AFBFAE152F1C8AC400C8DACC /* Loop Habit TrackerTests.xctest */,
				AFBFAE1F2F1C8AC400C8DACC /* Loop Habit TrackerUITests.xctest */,
			);
			name = Products;
			sourceTree = "<group>";
		};
/* End PBXGroup section */

/* Begin PBXNativeTarget section */
		AFBFAE052F1C8AC200C8DACC /* Loop Habit Tracker */ = {
			isa = PBXNativeTarget;
			buildConfigurationList = AFBFAE292F1C8AC400C8DACC /* Build configuration list for PBXNativeTarget "Loop Habit Tracker" */;
			buildPhases = (
				AFBFAE022F1C8AC200C8DACC /* Sources */,
				AFBFAE032F1C8AC200C8DACC /* Frameworks */,
				AFBFAE042F1C8AC200C8DACC /* Resources */,
			);
			buildRules = (
			);
			dependencies = (
			);
			fileSystemSynchronizedGroups = (
				AFBFAE082F1C8AC200C8DACC /* Loop Habit Tracker */,
			);
			name = "Loop Habit Tracker";
			packageProductDependencies = (
			);
			productName = "Loop Habit Tracker";
			productReference = AFBFAE062F1C8AC200C8DACC /* Loop Habit Tracker.app */;
			productType = "com.apple.product-type.application";
		};
		AFBFAE142F1C8AC400C8DACC /* Loop Habit TrackerTests */ = {
			isa = PBXNativeTarget;
			buildConfigurationList = AFBFAE2C2F1C8AC400C8DACC /* Build configuration list for PBXNativeTarget "Loop Habit TrackerTests" */;
			buildPhases = (
				AFBFAE112F1C8AC400C8DACC /* Sources */,
				AFBFAE122F1C8AC400C8DACC /* Frameworks */,
				AFBFAE132F1C8AC400C8DACC /* Resources */,
			);
			buildRules = (
			);
			dependencies = (
				AFBFAE172F1C8AC400C8DACC /* PBXTargetDependency */,
			);
			fileSystemSynchronizedGroups = (
				AFBFAE182F1C8AC400C8DACC /* Loop Habit TrackerTests */,
			);
			name = "Loop Habit TrackerTests";
			packageProductDependencies = (
			);
			productName = "Loop Habit TrackerTests";
			productReference = AFBFAE152F1C8AC400C8DACC /* Loop Habit TrackerTests.xctest */;
			productType = "com.apple.product-type.bundle.unit-test";
		};
		AFBFAE1E2F1C8AC400C8DACC /* Loop Habit TrackerUITests */ = {
			isa = PBXNativeTarget;
			buildConfigurationList = AFBFAE2F2F1C8AC400C8DACC /* Build configuration list for PBXNativeTarget "Loop Habit TrackerUITests" */;
			buildPhases = (
				AFBFAE1B2F1C8AC400C8DACC /* Sources */,
				AFBFAE1C2F1C8AC400C8DACC /* Frameworks */,
				AFBFAE1D2F1C8AC400C8DACC /* Resources */,
			);
			buildRules = (
			);
			dependencies = (
				AFBFAE212F1C8AC400C8DACC /* PBXTargetDependency */,
			);
			fileSystemSynchronizedGroups = (
				AFBFAE222F1C8AC400C8DACC /* Loop Habit TrackerUITests */,
			);
			name = "Loop Habit TrackerUITests";
			packageProductDependencies = (
			);
			productName = "Loop Habit TrackerUITests";
			productReference = AFBFAE1F2F1C8AC400C8DACC /* Loop Habit TrackerUITests.xctest */;
			productType = "com.apple.product-type.bundle.ui-testing";
		};
/* End PBXNativeTarget section */

/* Begin PBXProject section */
		AFBFADFE2F1C8AC200C8DACC /* Project object */ = {
			isa = PBXProject;
			attributes = {
				BuildIndependentTargetsInParallel = 1;
				LastSwiftUpdateCheck = 2620;
				LastUpgradeCheck = 2620;
				TargetAttributes = {
					AFBFAE052F1C8AC200C8DACC = {
						CreatedOnToolsVersion = 26.2;
					};
					AFBFAE142F1C8AC400C8DACC = {
						CreatedOnToolsVersion = 26.2;
						TestTargetID = AFBFAE052F1C8AC200C8DACC;
					};
					AFBFAE1E2F1C8AC400C8DACC = {
						CreatedOnToolsVersion = 26.2;
						TestTargetID = AFBFAE052F1C8AC200C8DACC;
					};
				};
			};
			buildConfigurationList = AFBFAE012F1C8AC200C8DACC /* Build configuration list for PBXProject "Loop Habit Tracker" */;
			developmentRegion = en;
			hasScannedForEncodings = 0;
			knownRegions = (
				en,
				Base,
			);
			mainGroup = AFBFADFD2F1C8AC200C8DACC;
			minimizedProjectReferenceProxies = 1;
			preferredProjectObjectVersion = 77;
			productRefGroup = AFBFAE072F1C8AC200C8DACC /* Products */;
			projectDirPath = "";
			projectRoot = "";
			targets = (
				AFBFAE052F1C8AC200C8DACC /* Loop Habit Tracker */,
				AFBFAE142F1C8AC400C8DACC /* Loop Habit TrackerTests */,
				AFBFAE1E2F1C8AC400C8DACC /* Loop Habit TrackerUITests */,
			);
		};
/* End PBXProject section */

/* Begin PBXResourcesBuildPhase section */
		AFBFAE042F1C8AC200C8DACC /* Resources */ = {
			isa = PBXResourcesBuildPhase;
			buildActionMask = 2147483647;
			files = (
			);
			runOnlyForDeploymentPostprocessing = 0;
		};
		AFBFAE132F1C8AC400C8DACC /* Resources */ = {
			isa = PBXResourcesBuildPhase;
			buildActionMask = 2147483647;
			files = (
			);
			runOnlyForDeploymentPostprocessing = 0;
		};
		AFBFAE1D2F1C8AC400C8DACC /* Resources */ = {
			isa = PBXResourcesBuildPhase;
			buildActionMask = 2147483647;
			files = (
			);
			runOnlyForDeploymentPostprocessing = 0;
		};
/* End PBXResourcesBuildPhase section */

/* Begin PBXSourcesBuildPhase section */
		AFBFAE022F1C8AC200C8DACC /* Sources */ = {
			isa = PBXSourcesBuildPhase;
			buildActionMask = 2147483647;
			files = (
			);
			runOnlyForDeploymentPostprocessing = 0;
		};
		AFBFAE112F1C8AC400C8DACC /* Sources */ = {
			isa = PBXSourcesBuildPhase;
			buildActionMask = 2147483647;
			files = (
			);
			runOnlyForDeploymentPostprocessing = 0;
		};
		AFBFAE1B2F1C8AC400C8DACC /* Sources */ = {
			isa = PBXSourcesBuildPhase;
			buildActionMask = 2147483647;
			files = (
			);
			runOnlyForDeploymentPostprocessing = 0;
		};
/* End PBXSourcesBuildPhase section */

/* Begin PBXTargetDependency section */
		AFBFAE172F1C8AC400C8DACC /* PBXTargetDependency */ = {
			isa = PBXTargetDependency;
			target = AFBFAE052F1C8AC200C8DACC /* Loop Habit Tracker */;
			targetProxy = AFBFAE162F1C8AC400C8DACC /* PBXContainerItemProxy */;
		};
		AFBFAE212F1C8AC400C8DACC /* PBXTargetDependency */ = {
			isa = PBXTargetDependency;
			target = AFBFAE052F1C8AC200C8DACC /* Loop Habit Tracker */;
			targetProxy = AFBFAE202F1C8AC400C8DACC /* PBXContainerItemProxy */;
		};
/* End PBXTargetDependency section */

/* Begin XCBuildConfiguration section */
		AFBFAE272F1C8AC400C8DACC /* Debug */ = {
			isa = XCBuildConfiguration;
			buildSettings = {
				ALWAYS_SEARCH_USER_PATHS = NO;
				ASSETCATALOG_COMPILER_GENERATE_SWIFT_ASSET_SYMBOL_EXTENSIONS = YES;
				CLANG_ANALYZER_NONNULL = YES;
				CLANG_ANALYZER_NUMBER_OBJECT_CONVERSION = YES_AGGRESSIVE;
				CLANG_CXX_LANGUAGE_STANDARD = "gnu++20";
				CLANG_ENABLE_MODULES = YES;
				CLANG_ENABLE_OBJC_ARC = YES;
				CLANG_ENABLE_OBJC_WEAK = YES;
				CLANG_WARN_BLOCK_CAPTURE_AUTORELEASING = YES;
				CLANG_WARN_BOOL_CONVERSION = YES;
				CLANG_WARN_COMMA = YES;
				CLANG_WARN_CONSTANT_CONVERSION = YES;
				CLANG_WARN_DEPRECATED_OBJC_IMPLEMENTATIONS = YES;
				CLANG_WARN_DIRECT_OBJC_ISA_USAGE = YES_ERROR;
				CLANG_WARN_DOCUMENTATION_COMMENTS = YES;
				CLANG_WARN_EMPTY_BODY = YES;
				CLANG_WARN_ENUM_CONVERSION = YES;
				CLANG_WARN_INFINITE_RECURSION = YES;
				CLANG_WARN_INT_CONVERSION = YES;
				CLANG_WARN_NON_LITERAL_NULL_CONVERSION = YES;
				CLANG_WARN_OBJC_IMPLICIT_RETAIN_SELF = YES;
				CLANG_WARN_OBJC_LITERAL_CONVERSION = YES;
				CLANG_WARN_OBJC_ROOT_CLASS = YES_ERROR;
				CLANG_WARN_QUOTED_INCLUDE_IN_FRAMEWORK_HEADER = YES;
				CLANG_WARN_RANGE_LOOP_ANALYSIS = YES;
				CLANG_WARN_STRICT_PROTOTYPES = YES;
				CLANG_WARN_SUSPICIOUS_MOVE = YES;
				CLANG_WARN_UNGUARDED_AVAILABILITY = YES_AGGRESSIVE;
				CLANG_WARN_UNREACHABLE_CODE = YES;
				CLANG_WARN__DUPLICATE_METHOD_MATCH = YES;
				COPY_PHASE_STRIP = NO;
				DEBUG_INFORMATION_FORMAT = dwarf;
				DEVELOPMENT_TEAM = 37D6FMK2X6;
				ENABLE_STRICT_OBJC_MSGSEND = YES;
				ENABLE_TESTABILITY = YES;
				ENABLE_USER_SCRIPT_SANDBOXING = YES;
				GCC_C_LANGUAGE_STANDARD = gnu17;
				GCC_DYNAMIC_NO_PIC = NO;
				GCC_NO_COMMON_BLOCKS = YES;
				GCC_OPTIMIZATION_LEVEL = 0;
				GCC_PREPROCESSOR_DEFINITIONS = (
					"DEBUG=1",
					"$(inherited)",
				);
				GCC_WARN_64_TO_32_BIT_CONVERSION = YES;
				GCC_WARN_ABOUT_RETURN_TYPE = YES_ERROR;
				GCC_WARN_UNDECLARED_SELECTOR = YES;
				GCC_WARN_UNINITIALIZED_AUTOS = YES_AGGRESSIVE;
				GCC_WARN_UNUSED_FUNCTION = YES;
				GCC_WARN_UNUSED_VARIABLE = YES;
				IPHONEOS_DEPLOYMENT_TARGET = 26.2;
				LOCALIZATION_PREFERS_STRING_CATALOGS = YES;
				MTL_ENABLE_DEBUG_INFO = INCLUDE_SOURCE;
				MTL_FAST_MATH = YES;
				ONLY_ACTIVE_ARCH = YES;
				SDKROOT = iphoneos;
				SWIFT_ACTIVE_COMPILATION_CONDITIONS = "DEBUG $(inherited)";
				SWIFT_OPTIMIZATION_LEVEL = "-Onone";
			};
			name = Debug;
		};
		AFBFAE282F1C8AC400C8DACC /* Release */ = {
			isa = XCBuildConfiguration;
			buildSettings = {
				ALWAYS_SEARCH_USER_PATHS = NO;
				ASSETCATALOG_COMPILER_GENERATE_SWIFT_ASSET_SYMBOL_EXTENSIONS = YES;
				CLANG_ANALYZER_NONNULL = YES;
				CLANG_ANALYZER_NUMBER_OBJECT_CONVERSION = YES_AGGRESSIVE;
				CLANG_CXX_LANGUAGE_STANDARD = "gnu++20";
				CLANG_ENABLE_MODULES = YES;
				CLANG_ENABLE_OBJC_ARC = YES;
				CLANG_ENABLE_OBJC_WEAK = YES;
				CLANG_WARN_BLOCK_CAPTURE_AUTORELEASING = YES;
				CLANG_WARN_BOOL_CONVERSION = YES;
				CLANG_WARN_COMMA = YES;
				CLANG_WARN_CONSTANT_CONVERSION = YES;
				CLANG_WARN_DEPRECATED_OBJC_IMPLEMENTATIONS = YES;
				CLANG_WARN_DIRECT_OBJC_ISA_USAGE = YES_ERROR;
				CLANG_WARN_DOCUMENTATION_COMMENTS = YES;
				CLANG_WARN_EMPTY_BODY = YES;
				CLANG_WARN_ENUM_CONVERSION = YES;
				CLANG_WARN_INFINITE_RECURSION = YES;
				CLANG_WARN_INT_CONVERSION = YES;
				CLANG_WARN_NON_LITERAL_NULL_CONVERSION = YES;
				CLANG_WARN_OBJC_IMPLICIT_RETAIN_SELF = YES;
				CLANG_WARN_OBJC_LITERAL_CONVERSION = YES;
				CLANG_WARN_OBJC_ROOT_CLASS = YES_ERROR;
				CLANG_WARN_QUOTED_INCLUDE_IN_FRAMEWORK_HEADER = YES;
				CLANG_WARN_RANGE_LOOP_ANALYSIS = YES;
				CLANG_WARN_STRICT_PROTOTYPES = YES;
				CLANG_WARN_SUSPICIOUS_MOVE = YES;
				CLANG_WARN_UNGUARDED_AVAILABILITY = YES_AGGRESSIVE;
				CLANG_WARN_UNREACHABLE_CODE = YES;
				CLANG_WARN__DUPLICATE_METHOD_MATCH = YES;
				COPY_PHASE_STRIP = NO;
				DEBUG_INFORMATION_FORMAT = "dwarf-with-dsym";
				DEVELOPMENT_TEAM = 37D6FMK2X6;
				ENABLE_NS_ASSERTIONS = NO;
				ENABLE_STRICT_OBJC_MSGSEND = YES;
				ENABLE_USER_SCRIPT_SANDBOXING = YES;
				GCC_C_LANGUAGE_STANDARD = gnu17;
				GCC_NO_COMMON_BLOCKS = YES;
				GCC_WARN_64_TO_32_BIT_CONVERSION = YES;
				GCC_WARN_ABOUT_RETURN_TYPE = YES_ERROR;
				GCC_WARN_UNDECLARED_SELECTOR = YES;
				GCC_WARN_UNINITIALIZED_AUTOS = YES_AGGRESSIVE;
				GCC_WARN_UNUSED_FUNCTION = YES;
				GCC_WARN_UNUSED_VARIABLE = YES;
				IPHONEOS_DEPLOYMENT_TARGET = 26.2;
				LOCALIZATION_PREFERS_STRING_CATALOGS = YES;
				MTL_ENABLE_DEBUG_INFO = NO;
				MTL_FAST_MATH = YES;
				SDKROOT = iphoneos;
				SWIFT_COMPILATION_MODE = wholemodule;
				VALIDATE_PRODUCT = YES;
			};
			name = Release;
		};
		AFBFAE2A2F1C8AC400C8DACC /* Debug */ = {
			isa = XCBuildConfiguration;
			buildSettings = {
				ASSETCATALOG_COMPILER_APPICON_NAME = AppIcon;
				ASSETCATALOG_COMPILER_GLOBAL_ACCENT_COLOR_NAME = AccentColor;
				CODE_SIGN_STYLE = Automatic;
				CURRENT_PROJECT_VERSION = 1;
				DEVELOPMENT_TEAM = 37D6FMK2X6;
				ENABLE_PREVIEWS = YES;
				GENERATE_INFOPLIST_FILE = YES;
				INFOPLIST_KEY_UIApplicationSceneManifest_Generation = YES;
				INFOPLIST_KEY_UIApplicationSupportsIndirectInputEvents = YES;
				INFOPLIST_KEY_UILaunchScreen_Generation = YES;
				INFOPLIST_KEY_UISupportedInterfaceOrientations_iPad = "UIInterfaceOrientationPortrait UIInterfaceOrientationPortraitUpsideDown UIInterfaceOrientationLandscapeLeft UIInterfaceOrientationLandscapeRight";
				INFOPLIST_KEY_UISupportedInterfaceOrientations_iPhone = "UIInterfaceOrientationPortrait UIInterfaceOrientationLandscapeLeft UIInterfaceOrientationLandscapeRight";
				LD_RUNPATH_SEARCH_PATHS = (
					"$(inherited)",
					"@executable_path/Frameworks",
				);
				MARKETING_VERSION = 1.0;
				PRODUCT_BUNDLE_IDENTIFIER = "nz.mathew-paul.Loop-Habit-Tracker";
				PRODUCT_NAME = "$(TARGET_NAME)";
				STRING_CATALOG_GENERATE_SYMBOLS = YES;
				SWIFT_APPROACHABLE_CONCURRENCY = YES;
				SWIFT_DEFAULT_ACTOR_ISOLATION = MainActor;
				SWIFT_EMIT_LOC_STRINGS = YES;
				SWIFT_UPCOMING_FEATURE_MEMBER_IMPORT_VISIBILITY = YES;
				SWIFT_VERSION = 5.0;
				TARGETED_DEVICE_FAMILY = "1,2";
			};
			name = Debug;
		};
		AFBFAE2B2F1C8AC400C8DACC /* Release */ = {
			isa = XCBuildConfiguration;
			buildSettings = {
				ASSETCATALOG_COMPILER_APPICON_NAME = AppIcon;
				ASSETCATALOG_COMPILER_GLOBAL_ACCENT_COLOR_NAME = AccentColor;
				CODE_SIGN_STYLE = Automatic;
				CURRENT_PROJECT_VERSION = 1;
				DEVELOPMENT_TEAM = 37D6FMK2X6;
				ENABLE_PREVIEWS = YES;
				GENERATE_INFOPLIST_FILE = YES;
				INFOPLIST_KEY_UIApplicationSceneManifest_Generation = YES;
				INFOPLIST_KEY_UIApplicationSupportsIndirectInputEvents = YES;
				INFOPLIST_KEY_UILaunchScreen_Generation = YES;
				INFOPLIST_KEY_UISupportedInterfaceOrientations_iPad = "UIInterfaceOrientationPortrait UIInterfaceOrientationPortraitUpsideDown UIInterfaceOrientationLandscapeLeft UIInterfaceOrientationLandscapeRight";
				INFOPLIST_KEY_UISupportedInterfaceOrientations_iPhone = "UIInterfaceOrientationPortrait UIInterfaceOrientationLandscapeLeft UIInterfaceOrientationLandscapeRight";
				LD_RUNPATH_SEARCH_PATHS = (
					"$(inherited)",
					"@executable_path/Frameworks",
				);
				MARKETING_VERSION = 1.0;
				PRODUCT_BUNDLE_IDENTIFIER = "nz.mathew-paul.Loop-Habit-Tracker";
				PRODUCT_NAME = "$(TARGET_NAME)";
				STRING_CATALOG_GENERATE_SYMBOLS = YES;
				SWIFT_APPROACHABLE_CONCURRENCY = YES;
				SWIFT_DEFAULT_ACTOR_ISOLATION = MainActor;
				SWIFT_EMIT_LOC_STRINGS = YES;
				SWIFT_UPCOMING_FEATURE_MEMBER_IMPORT_VISIBILITY = YES;
				SWIFT_VERSION = 5.0;
				TARGETED_DEVICE_FAMILY = "1,2";
			};
			name = Release;
		};
		AFBFAE2D2F1C8AC400C8DACC /* Debug */ = {
			isa = XCBuildConfiguration;
			buildSettings = {
				BUNDLE_LOADER = "$(TEST_HOST)";
				CODE_SIGN_STYLE = Automatic;
				CURRENT_PROJECT_VERSION = 1;
				DEVELOPMENT_TEAM = 37D6FMK2X6;
				GENERATE_INFOPLIST_FILE = YES;
				IPHONEOS_DEPLOYMENT_TARGET = 26.2;
				MARKETING_VERSION = 1.0;
				PRODUCT_BUNDLE_IDENTIFIER = "nz.mathew-paul.Loop-Habit-TrackerTests";
				PRODUCT_NAME = "$(TARGET_NAME)";
				STRING_CATALOG_GENERATE_SYMBOLS = NO;
				SWIFT_APPROACHABLE_CONCURRENCY = YES;
				SWIFT_EMIT_LOC_STRINGS = NO;
				SWIFT_UPCOMING_FEATURE_MEMBER_IMPORT_VISIBILITY = YES;
				SWIFT_VERSION = 5.0;
				TARGETED_DEVICE_FAMILY = "1,2";
				TEST_HOST = "$(BUILT_PRODUCTS_DIR)/Loop Habit Tracker.app/$(BUNDLE_EXECUTABLE_FOLDER_PATH)/Loop Habit Tracker";
			};
			name = Debug;
		};
		AFBFAE2E2F1C8AC400C8DACC /* Release */ = {
			isa = XCBuildConfiguration;
			buildSettings = {
				BUNDLE_LOADER = "$(TEST_HOST)";
				CODE_SIGN_STYLE = Automatic;
				CURRENT_PROJECT_VERSION = 1;
				DEVELOPMENT_TEAM = 37D6FMK2X6;
				GENERATE_INFOPLIST_FILE = YES;
				IPHONEOS_DEPLOYMENT_TARGET = 26.2;
				MARKETING_VERSION = 1.0;
				PRODUCT_BUNDLE_IDENTIFIER = "nz.mathew-paul.Loop-Habit-TrackerTests";
				PRODUCT_NAME = "$(TARGET_NAME)";
				STRING_CATALOG_GENERATE_SYMBOLS = NO;
				SWIFT_APPROACHABLE_CONCURRENCY = YES;
				SWIFT_EMIT_LOC_STRINGS = NO;
				SWIFT_UPCOMING_FEATURE_MEMBER_IMPORT_VISIBILITY = YES;
				SWIFT_VERSION = 5.0;
				TARGETED_DEVICE_FAMILY = "1,2";
				TEST_HOST = "$(BUILT_PRODUCTS_DIR)/Loop Habit Tracker.app/$(BUNDLE_EXECUTABLE_FOLDER_PATH)/Loop Habit Tracker";
			};
			name = Release;
		};
		AFBFAE302F1C8AC400C8DACC /* Debug */ = {
			isa = XCBuildConfiguration;
			buildSettings = {
				CODE_SIGN_STYLE = Automatic;
				CURRENT_PROJECT_VERSION = 1;
				DEVELOPMENT_TEAM = 37D6FMK2X6;
				GENERATE_INFOPLIST_FILE = YES;
				MARKETING_VERSION = 1.0;
				PRODUCT_BUNDLE_IDENTIFIER = "nz.mathew-paul.Loop-Habit-TrackerUITests";
				PRODUCT_NAME = "$(TARGET_NAME)";
				STRING_CATALOG_GENERATE_SYMBOLS = NO;
				SWIFT_APPROACHABLE_CONCURRENCY = YES;
				SWIFT_EMIT_LOC_STRINGS = NO;
				SWIFT_UPCOMING_FEATURE_MEMBER_IMPORT_VISIBILITY = YES;
				SWIFT_VERSION = 5.0;
				TARGETED_DEVICE_FAMILY = "1,2";
				TEST_TARGET_NAME = "Loop Habit Tracker";
			};
			name = Debug;
		};
		AFBFAE312F1C8AC400C8DACC /* Release */ = {
			isa = XCBuildConfiguration;
			buildSettings = {
				CODE_SIGN_STYLE = Automatic;
				CURRENT_PROJECT_VERSION = 1;
				DEVELOPMENT_TEAM = 37D6FMK2X6;
				GENERATE_INFOPLIST_FILE = YES;
				MARKETING_VERSION = 1.0;
				PRODUCT_BUNDLE_IDENTIFIER = "nz.mathew-paul.Loop-Habit-TrackerUITests";
				PRODUCT_NAME = "$(TARGET_NAME)";
				STRING_CATALOG_GENERATE_SYMBOLS = NO;
				SWIFT_APPROACHABLE_CONCURRENCY = YES;
				SWIFT_EMIT_LOC_STRINGS = NO;
				SWIFT_UPCOMING_FEATURE_MEMBER_IMPORT_VISIBILITY = YES;
				SWIFT_VERSION = 5.0;
				TARGETED_DEVICE_FAMILY = "1,2";
				TEST_TARGET_NAME = "Loop Habit Tracker";
			};
			name = Release;
		};
/* End XCBuildConfiguration section */

/* Begin XCConfigurationList section */
		AFBFAE012F1C8AC200C8DACC /* Build configuration list for PBXProject "Loop Habit Tracker" */ = {
			isa = XCConfigurationList;
			buildConfigurations = (
				AFBFAE272F1C8AC400C8DACC /* Debug */,
				AFBFAE282F1C8AC400C8DACC /* Release */,
			);
			defaultConfigurationIsVisible = 0;
			defaultConfigurationName = Release;
		};
		AFBFAE292F1C8AC400C8DACC /* Build configuration list for PBXNativeTarget "Loop Habit Tracker" */ = {
			isa = XCConfigurationList;
			buildConfigurations = (
				AFBFAE2A2F1C8AC400C8DACC /* Debug */,
				AFBFAE2B2F1C8AC400C8DACC /* Release */,
			);
			defaultConfigurationIsVisible = 0;
			defaultConfigurationName = Release;
		};
		AFBFAE2C2F1C8AC400C8DACC /* Build configuration list for PBXNativeTarget "Loop Habit TrackerTests" */ = {
			isa = XCConfigurationList;
			buildConfigurations = (
				AFBFAE2D2F1C8AC400C8DACC /* Debug */,
				AFBFAE2E2F1C8AC400C8DACC /* Release */,
			);
			defaultConfigurationIsVisible = 0;
			defaultConfigurationName = Release;
		};
		AFBFAE2F2F1C8AC400C8DACC /* Build configuration list for PBXNativeTarget "Loop Habit TrackerUITests" */ = {
			isa = XCConfigurationList;
			buildConfigurations = (
				AFBFAE302F1C8AC400C8DACC /* Debug */,
				AFBFAE312F1C8AC400C8DACC /* Release */,
			);
			defaultConfigurationIsVisible = 0;
			defaultConfigurationName = Release;
		};
/* End XCConfigurationList section */
	};
	rootObject = AFBFADFE2F1C8AC200C8DACC /* Project object */;
}
